
Microsoft Visual Studio Solution File, Format Version 12.00
# Visual Studio Version 17
VisualStudioVersion = 17.1.32414.318
MinimumVisualStudioVersion = 10.0.40219.1
Project("{FAE04EC0-301F-11D3-BF4B-00C04F79EFBC}") = "PolygonConsoleApplication", "PolygonConsoleApplication\PolygonConsoleApplication.csproj", "{20D19BE6-455B-4BE7-BC55-1D0C9413045A}"
EndProject
Global
	GlobalSection(SolutionConfigurationPlatforms) = preSolution
		Debug|Any CPU = Debug|Any CPU
		Release|Any CPU = Release|Any CPU
	EndGlobalSection
	GlobalSection(ProjectConfigurationPlatforms) = postSolution
		{20D19BE6-455B-4BE7-BC55-1D0C9413045A}.Debug|Any CPU.ActiveCfg = Debug|Any CPU
		{20D19BE6-455B-4BE7-BC55-1D0C9413045A}.Debug|Any CPU.Build.0 = Debug|Any CPU
		{20D19BE6-455B-4BE7-BC55-1D0C9413045A}.Release|Any CPU.ActiveCfg = Release|Any CPU
		{20D19BE6-455B-4BE7-BC55-1D0C9413045A}.Release|Any CPU.Build.0 = Release|Any CPU
	EndGlobalSection
	GlobalSection(SolutionProperties) = preSolution
		HideSolutionNode = FALSE
	EndGlobalSection
	GlobalSection(ExtensibilityGlobals) = postSolution
		SolutionGuid = {499A52ED-35DE-42E5-A72F-47F353AE2A2B}
	EndGlobalSection
EndGlobal
